<?xml version="1.0" encoding="utf-8"?>
<Project ToolsVersion="15.0" xmlns="http://schemas.microsoft.com/developer/msbuild/2003">
  <ItemGroup>
    <Filter Include="Assets">
      <UniqueIdentifier>4a3f4f47-1778-4664-85c2-bc15bc7aed5c</UniqueIdentifier>
      <Extensions>bmp;fbx;gif;jpg;jpeg;tga;tiff;tif;png</Extensions>
    </Filter>
    <Filter Include="stone">
      <UniqueIdentifier>{70dbe94c-9c2e-4be5-b225-e621f2ac1dcf}</UniqueIdentifier>
    </Filter>
    <Filter Include="stone\tongue">
      <UniqueIdentifier>{cf5668dc-8b38-4a65-81d2-db46898f3145}</UniqueIdentifier>
    </Filter>
    <Filter Include="stone\tongue\en-US">
      <UniqueIdentifier>{8eac96a6-f30c-488c-96e7-a0a86b4292d3}</UniqueIdentifier>
    </Filter>
    <Filter Include="stone\tongue\zh-CN">
      <UniqueIdentifier>{d9d4e3e4-e7c8-438e-9c70-b4e52d542602}</UniqueIdentifier>
    </Filter>
    <Filter Include="frame">
      <UniqueIdentifier>{6c16049f-f33d-4f5f-bfd2-e12384e72704}</UniqueIdentifier>
    </Filter>
    <Filter Include="widget">
      <UniqueIdentifier>{36c94f1c-5349-4975-a49f-f45078b9b4c1}</UniqueIdentifier>
    </Filter>
    <Filter Include="schema">
      <UniqueIdentifier>{8b2a0714-d4f9-4ff1-a2b6-b28017685170}</UniqueIdentifier>
    </Filter>
    <Filter Include="schema\datalet">
      <UniqueIdentifier>{490b5e64-231c-42c2-8a93-d569c14948cb}</UniqueIdentifier>
    </Filter>
    <Filter Include="metrics">
      <UniqueIdentifier>{74dd4853-b81e-410e-99db-8ade474aef95}</UniqueIdentifier>
    </Filter>
  </ItemGroup>
  <ItemGroup>
    <Image Include="Assets\LockScreenLogo.scale-200.png">
      <Filter>Assets</Filter>
    </Image>
    <Image Include="Assets\SplashScreen.scale-200.png">
      <Filter>Assets</Filter>
    </Image>
    <Image Include="Assets\Square150x150Logo.scale-200.png">
      <Filter>Assets</Filter>
    </Image>
    <Image Include="Assets\Square44x44Logo.scale-200.png">
      <Filter>Assets</Filter>
    </Image>
    <Image Include="Assets\Square44x44Logo.targetsize-24_altform-unplated.png">
      <Filter>Assets</Filter>
    </Image>
    <Image Include="Assets\StoreLogo.png">
      <Filter>Assets</Filter>
    </Image>
    <Image Include="Assets\Wide310x150Logo.scale-200.png">
      <Filter>Assets</Filter>
    </Image>
    <Image Include="Assets\LargeTile.scale-100.png">
      <Filter>Assets</Filter>
    </Image>
    <Image Include="Assets\LargeTile.scale-125.png">
      <Filter>Assets</Filter>
    </Image>
    <Image Include="Assets\LargeTile.scale-150.png">
      <Filter>Assets</Filter>
    </Image>
    <Image Include="Assets\LargeTile.scale-200.png">
      <Filter>Assets</Filter>
    </Image>
    <Image Include="Assets\LargeTile.scale-400.png">
      <Filter>Assets</Filter>
    </Image>
    <Image Include="Assets\SmallTile.scale-100.png">
      <Filter>Assets</Filter>
    </Image>
    <Image Include="Assets\SmallTile.scale-125.png">
      <Filter>Assets</Filter>
    </Image>
    <Image Include="Assets\SmallTile.scale-150.png">
      <Filter>Assets</Filter>
    </Image>
    <Image Include="Assets\SmallTile.scale-200.png">
      <Filter>Assets</Filter>
    </Image>
    <Image Include="Assets\SmallTile.scale-400.png">
      <Filter>Assets</Filter>
    </Image>
    <Image Include="Assets\SplashScreen.scale-100.png">
      <Filter>Assets</Filter>
    </Image>
    <Image Include="Assets\SplashScreen.scale-125.png">
      <Filter>Assets</Filter>
    </Image>
    <Image Include="Assets\SplashScreen.scale-150.png">
      <Filter>Assets</Filter>
    </Image>
    <Image Include="Assets\SplashScreen.scale-400.png">
      <Filter>Assets</Filter>
    </Image>
    <Image Include="Assets\Square44x44Logo.altform-unplated_targetsize-16.png">
      <Filter>Assets</Filter>
    </Image>
    <Image Include="Assets\Square44x44Logo.altform-unplated_targetsize-32.png">
      <Filter>Assets</Filter>
    </Image>
    <Image Include="Assets\Square44x44Logo.altform-unplated_targetsize-48.png">
      <Filter>Assets</Filter>
    </Image>
    <Image Include="Assets\Square44x44Logo.altform-unplated_targetsize-256.png">
      <Filter>Assets</Filter>
    </Image>
    <Image Include="Assets\Square44x44Logo.scale-100.png">
      <Filter>Assets</Filter>
    </Image>
    <Image Include="Assets\Square44x44Logo.scale-125.png">
      <Filter>Assets</Filter>
    </Image>
    <Image Include="Assets\Square44x44Logo.scale-150.png">
      <Filter>Assets</Filter>
    </Image>
    <Image Include="Assets\Square44x44Logo.scale-400.png">
      <Filter>Assets</Filter>
    </Image>
    <Image Include="Assets\Square44x44Logo.targetsize-16.png">
      <Filter>Assets</Filter>
    </Image>
    <Image Include="Assets\Square44x44Logo.targetsize-24.png">
      <Filter>Assets</Filter>
    </Image>
    <Image Include="Assets\Square44x44Logo.targetsize-32.png">
      <Filter>Assets</Filter>
    </Image>
    <Image Include="Assets\Square44x44Logo.targetsize-48.png">
      <Filter>Assets</Filter>
    </Image>
    <Image Include="Assets\Square44x44Logo.targetsize-256.png">
      <Filter>Assets</Filter>
    </Image>
    <Image Include="Assets\Square150x150Logo.scale-100.png">
      <Filter>Assets</Filter>
    </Image>
    <Image Include="Assets\Square150x150Logo.scale-125.png">
      <Filter>Assets</Filter>
    </Image>
    <Image Include="Assets\Square150x150Logo.scale-150.png">
      <Filter>Assets</Filter>
    </Image>
    <Image Include="Assets\Square150x150Logo.scale-400.png">
      <Filter>Assets</Filter>
    </Image>
    <Image Include="Assets\StoreLogo.backup.png">
      <Filter>Assets</Filter>
    </Image>
    <Image Include="Assets\StoreLogo.scale-100.png">
      <Filter>Assets</Filter>
    </Image>
    <Image Include="Assets\StoreLogo.scale-125.png">
      <Filter>Assets</Filter>
    </Image>
    <Image Include="Assets\StoreLogo.scale-150.png">
      <Filter>Assets</Filter>
    </Image>
    <Image Include="Assets\StoreLogo.scale-200.png">
      <Filter>Assets</Filter>
    </Image>
    <Image Include="Assets\StoreLogo.scale-400.png">
      <Filter>Assets</Filter>
    </Image>
    <Image Include="Assets\Wide310x150Logo.scale-100.png">
      <Filter>Assets</Filter>
    </Image>
    <Image Include="Assets\Wide310x150Logo.scale-125.png">
      <Filter>Assets</Filter>
    </Image>
    <Image Include="Assets\Wide310x150Logo.scale-150.png">
      <Filter>Assets</Filter>
    </Image>
    <Image Include="Assets\Wide310x150Logo.scale-400.png">
      <Filter>Assets</Filter>
    </Image>
    <Image Include="Assets\DredgerConstruction_icon.png">
      <Filter>Assets</Filter>
    </Image>
    <Image Include="Assets\DredgerConstruction_splash.png">
      <Filter>Assets</Filter>
    </Image>
    <Image Include="stone\about.png">
      <Filter>stone\tongue</Filter>
    </Image>
  </ItemGroup>
  <ItemGroup>
    <AppxManifest Include="Package.appxmanifest" />
  </ItemGroup>
  <ItemGroup>
    <None Include="packages.config" />
    <None Include="DTPM_TemporaryKey.pfx" />
    <None Include="schema\track.dao.rkt">
      <Filter>schema</Filter>
    </None>
  </ItemGroup>
  <ItemGroup>
    <ClCompile Include="widget.cpp" />
    <ClCompile Include="frame\statusbar.cpp">
      <Filter>frame</Filter>
    </ClCompile>
    <ClCompile Include="frame\drags.cpp">
      <Filter>frame</Filter>
    </ClCompile>
    <ClCompile Include="frame\times.cpp">
      <Filter>frame</Filter>
    </ClCompile>
    <ClCompile Include="widget\timestream.cpp">
      <Filter>widget</Filter>
    </ClCompile>
    <ClCompile Include="widget\settings.cpp">
      <Filter>widget</Filter>
    </ClCompile>
    <ClCompile Include="DTPM.cxx" />
    <ClCompile Include="monitor.cpp" />
    <ClCompile Include="schema\track.cpp">
      <Filter>schema</Filter>
    </ClCompile>
    <ClCompile Include="schema\datalet\track_ds.cpp">
      <Filter>schema\datalet</Filter>
    </ClCompile>
    <ClCompile Include="metrics\dredger.cpp">
      <Filter>metrics</Filter>
    </ClCompile>
  </ItemGroup>
  <ItemGroup>
    <ClInclude Include="widget.hxx" />
    <ClInclude Include="frame\statusbar.hpp">
      <Filter>frame</Filter>
    </ClInclude>
    <ClInclude Include="frame\drags.hpp">
      <Filter>frame</Filter>
    </ClInclude>
    <ClInclude Include="frame\times.hpp">
      <Filter>frame</Filter>
    </ClInclude>
    <ClInclude Include="widget\timestream.hpp">
      <Filter>widget</Filter>
    </ClInclude>
    <ClInclude Include="widget\settings.hpp">
      <Filter>widget</Filter>
    </ClInclude>
    <ClInclude Include="monitor.hpp" />
    <ClInclude Include="schema\track.hpp">
      <Filter>schema</Filter>
    </ClInclude>
    <ClInclude Include="schema\datalet\track_ds.hpp">
      <Filter>schema\datalet</Filter>
    </ClInclude>
    <ClInclude Include="metrics\dredger.hpp">
      <Filter>metrics</Filter>
    </ClInclude>
  </ItemGroup>
  <ItemGroup>
    <PRIResource Include="stone\tongue\en-US\widget.resw">
      <Filter>stone\tongue\en-US</Filter>
    </PRIResource>
    <PRIResource Include="stone\tongue\zh-CN\widget.resw">
      <Filter>stone\tongue\zh-CN</Filter>
    </PRIResource>
    <PRIResource Include="stone\tongue\zh-CN\tongue.resw">
      <Filter>stone\tongue\zh-CN</Filter>
    </PRIResource>
    <PRIResource Include="stone\tongue\en-US\tongue.resw">
      <Filter>stone\tongue\en-US</Filter>
    </PRIResource>
    <PRIResource Include="stone\tongue\en-US\statusbar.resw">
      <Filter>stone\tongue\en-US</Filter>
    </PRIResource>
    <PRIResource Include="stone\tongue\zh-CN\statusbar.resw">
      <Filter>stone\tongue\zh-CN</Filter>
    </PRIResource>
    <PRIResource Include="stone\tongue\en-US\drags.resw">
      <Filter>stone\tongue\en-US</Filter>
    </PRIResource>
    <PRIResource Include="stone\tongue\zh-CN\drags.resw">
      <Filter>stone\tongue\zh-CN</Filter>
    </PRIResource>
    <PRIResource Include="stone\tongue\en-US\times.resw">
      <Filter>stone\tongue\en-US</Filter>
    </PRIResource>
    <PRIResource Include="stone\tongue\zh-CN\times.resw">
      <Filter>stone\tongue\zh-CN</Filter>
    </PRIResource>
    <PRIResource Include="stone\tongue\en-US\dredger.resw">
      <Filter>stone\tongue\en-US</Filter>
    </PRIResource>
    <PRIResource Include="stone\tongue\zh-CN\dredger.resw">
      <Filter>stone\tongue\zh-CN</Filter>
    </PRIResource>
  </ItemGroup>
</Project>