<?xml version="1.0" encoding="utf-8"?>
<Project ToolsVersion="4.0" xmlns="http://schemas.microsoft.com/developer/msbuild/2003">
  <ItemGroup>
    <ClCompile Include="$(MSBuildThisFileDirectory)plc.cpp" />
    <ClCompile Include="$(MSBuildThisFileDirectory)iotables\ai_doors.cpp">
      <Filter>iotables</Filter>
    </ClCompile>
    <ClCompile Include="$(MSBuildThisFileDirectory)iotables\ai_dredges.cpp">
      <Filter>iotables</Filter>
    </ClCompile>
    <ClCompile Include="$(MSBuildThisFileDirectory)iotables\ao_settings.cpp">
      <Filter>iotables</Filter>
    </ClCompile>
    <ClCompile Include="$(MSBuildThisFileDirectory)iotables\di_devices.cpp">
      <Filter>iotables</Filter>
    </ClCompile>
    <ClCompile Include="$(MSBuildThisFileDirectory)iotables\di_doors.cpp">
      <Filter>iotables</Filter>
    </ClCompile>
    <ClCompile Include="$(MSBuildThisFileDirectory)iotables\di_dredges.cpp">
      <Filter>iotables</Filter>
    </ClCompile>
    <ClCompile Include="$(MSBuildThisFileDirectory)iotables\di_hopper_pumps.cpp">
      <Filter>iotables</Filter>
    </ClCompile>
    <ClCompile Include="$(MSBuildThisFileDirectory)iotables\di_pipelines.cpp">
      <Filter>iotables</Filter>
    </ClCompile>
    <ClCompile Include="$(MSBuildThisFileDirectory)iotables\di_pumps.cpp">
      <Filter>iotables</Filter>
    </ClCompile>
    <ClCompile Include="$(MSBuildThisFileDirectory)iotables\di_valves.cpp">
      <Filter>iotables</Filter>
    </ClCompile>
    <ClCompile Include="$(MSBuildThisFileDirectory)iotables\di_water_pumps.cpp">
      <Filter>iotables</Filter>
    </ClCompile>
    <ClCompile Include="$(MSBuildThisFileDirectory)iotables\di_winches.cpp">
      <Filter>iotables</Filter>
    </ClCompile>
    <ClCompile Include="$(MSBuildThisFileDirectory)iotables\do_devices.cpp">
      <Filter>iotables</Filter>
    </ClCompile>
    <ClCompile Include="$(MSBuildThisFileDirectory)iotables\do_doors.cpp">
      <Filter>iotables</Filter>
    </ClCompile>
    <ClCompile Include="$(MSBuildThisFileDirectory)iotables\do_dredges.cpp">
      <Filter>iotables</Filter>
    </ClCompile>
    <ClCompile Include="$(MSBuildThisFileDirectory)iotables\do_hopper_pumps.cpp">
      <Filter>iotables</Filter>
    </ClCompile>
    <ClCompile Include="$(MSBuildThisFileDirectory)iotables\do_pumps.cpp">
      <Filter>iotables</Filter>
    </ClCompile>
    <ClCompile Include="$(MSBuildThisFileDirectory)iotables\do_valves.cpp">
      <Filter>iotables</Filter>
    </ClCompile>
    <ClCompile Include="$(MSBuildThisFileDirectory)iotables\do_water_pumps.cpp">
      <Filter>iotables</Filter>
    </ClCompile>
    <ClCompile Include="$(MSBuildThisFileDirectory)iotables\do_winches.cpp">
      <Filter>iotables</Filter>
    </ClCompile>
    <ClCompile Include="$(MSBuildThisFileDirectory)drag_info.cpp" />
    <ClCompile Include="$(MSBuildThisFileDirectory)moxa.cpp" />
    <ClCompile Include="$(MSBuildThisFileDirectory)iotables\di_menu.cpp">
      <Filter>iotables</Filter>
    </ClCompile>
    <ClCompile Include="$(MSBuildThisFileDirectory)slang\brightness.cpp">
      <Filter>slang</Filter>
    </ClCompile>
    <ClCompile Include="$(MSBuildThisFileDirectory)slang\dgps.cpp">
      <Filter>slang</Filter>
    </ClCompile>
    <ClCompile Include="$(MSBuildThisFileDirectory)compass.cpp" />
    <ClCompile Include="$(MSBuildThisFileDirectory)transponder.cpp" />
  </ItemGroup>
  <ItemGroup>
    <ClInclude Include="$(MSBuildThisFileDirectory)plc.hpp" />
    <ClInclude Include="$(MSBuildThisFileDirectory)configuration.hpp" />
    <ClInclude Include="$(MSBuildThisFileDirectory)iotables\ai_doors.hpp">
      <Filter>iotables</Filter>
    </ClInclude>
    <ClInclude Include="$(MSBuildThisFileDirectory)iotables\ai_dredges.hpp">
      <Filter>iotables</Filter>
    </ClInclude>
    <ClInclude Include="$(MSBuildThisFileDirectory)iotables\ai_hopper_pumps.hpp">
      <Filter>iotables</Filter>
    </ClInclude>
    <ClInclude Include="$(MSBuildThisFileDirectory)iotables\ai_metrics.hpp">
      <Filter>iotables</Filter>
    </ClInclude>
    <ClInclude Include="$(MSBuildThisFileDirectory)iotables\ai_pumps.hpp">
      <Filter>iotables</Filter>
    </ClInclude>
    <ClInclude Include="$(MSBuildThisFileDirectory)iotables\ai_valves.hpp">
      <Filter>iotables</Filter>
    </ClInclude>
    <ClInclude Include="$(MSBuildThisFileDirectory)iotables\ai_water_pumps.hpp">
      <Filter>iotables</Filter>
    </ClInclude>
    <ClInclude Include="$(MSBuildThisFileDirectory)iotables\ai_winches.hpp">
      <Filter>iotables</Filter>
    </ClInclude>
    <ClInclude Include="$(MSBuildThisFileDirectory)iotables\ao_devices.hpp">
      <Filter>iotables</Filter>
    </ClInclude>
    <ClInclude Include="$(MSBuildThisFileDirectory)iotables\ao_gland_pumps.hpp">
      <Filter>iotables</Filter>
    </ClInclude>
    <ClInclude Include="$(MSBuildThisFileDirectory)iotables\ao_settings.hpp">
      <Filter>iotables</Filter>
    </ClInclude>
    <ClInclude Include="$(MSBuildThisFileDirectory)iotables\di_devices.hpp">
      <Filter>iotables</Filter>
    </ClInclude>
    <ClInclude Include="$(MSBuildThisFileDirectory)iotables\di_doors.hpp">
      <Filter>iotables</Filter>
    </ClInclude>
    <ClInclude Include="$(MSBuildThisFileDirectory)iotables\di_dredges.hpp">
      <Filter>iotables</Filter>
    </ClInclude>
    <ClInclude Include="$(MSBuildThisFileDirectory)iotables\di_hopper_pumps.hpp">
      <Filter>iotables</Filter>
    </ClInclude>
    <ClInclude Include="$(MSBuildThisFileDirectory)iotables\di_pipelines.hpp">
      <Filter>iotables</Filter>
    </ClInclude>
    <ClInclude Include="$(MSBuildThisFileDirectory)iotables\di_pumps.hpp">
      <Filter>iotables</Filter>
    </ClInclude>
    <ClInclude Include="$(MSBuildThisFileDirectory)iotables\di_valves.hpp">
      <Filter>iotables</Filter>
    </ClInclude>
    <ClInclude Include="$(MSBuildThisFileDirectory)iotables\di_water_pumps.hpp">
      <Filter>iotables</Filter>
    </ClInclude>
    <ClInclude Include="$(MSBuildThisFileDirectory)iotables\di_winches.hpp">
      <Filter>iotables</Filter>
    </ClInclude>
    <ClInclude Include="$(MSBuildThisFileDirectory)iotables\do_devices.hpp">
      <Filter>iotables</Filter>
    </ClInclude>
    <ClInclude Include="$(MSBuildThisFileDirectory)iotables\do_doors.hpp">
      <Filter>iotables</Filter>
    </ClInclude>
    <ClInclude Include="$(MSBuildThisFileDirectory)iotables\do_dredges.hpp">
      <Filter>iotables</Filter>
    </ClInclude>
    <ClInclude Include="$(MSBuildThisFileDirectory)iotables\do_hopper_pumps.hpp">
      <Filter>iotables</Filter>
    </ClInclude>
    <ClInclude Include="$(MSBuildThisFileDirectory)iotables\do_pumps.hpp">
      <Filter>iotables</Filter>
    </ClInclude>
    <ClInclude Include="$(MSBuildThisFileDirectory)iotables\do_valves.hpp">
      <Filter>iotables</Filter>
    </ClInclude>
    <ClInclude Include="$(MSBuildThisFileDirectory)iotables\do_water_pumps.hpp">
      <Filter>iotables</Filter>
    </ClInclude>
    <ClInclude Include="$(MSBuildThisFileDirectory)iotables\do_winches.hpp">
      <Filter>iotables</Filter>
    </ClInclude>
    <ClInclude Include="$(MSBuildThisFileDirectory)iotables\macro_keys.hpp">
      <Filter>iotables</Filter>
    </ClInclude>
    <ClInclude Include="$(MSBuildThisFileDirectory)drag_info.hpp" />
    <ClInclude Include="$(MSBuildThisFileDirectory)moxa.hpp" />
    <ClInclude Include="$(MSBuildThisFileDirectory)iotables\di_menu.hpp">
      <Filter>iotables</Filter>
    </ClInclude>
    <ClInclude Include="$(MSBuildThisFileDirectory)slang\brightness.hpp">
      <Filter>slang</Filter>
    </ClInclude>
    <ClInclude Include="$(MSBuildThisFileDirectory)slang\dgps.hpp">
      <Filter>slang</Filter>
    </ClInclude>
    <ClInclude Include="$(MSBuildThisFileDirectory)slang\port.hpp">
      <Filter>slang</Filter>
    </ClInclude>
    <ClInclude Include="$(MSBuildThisFileDirectory)compass.hpp" />
    <ClInclude Include="$(MSBuildThisFileDirectory)transponder.hpp" />
  </ItemGroup>
  <ItemGroup>
    <Filter Include="iotables">
      <UniqueIdentifier>{6a1cde7e-e9dc-45c0-be04-ffc85198824b}</UniqueIdentifier>
    </Filter>
    <Filter Include="slang">
      <UniqueIdentifier>{6a13bba6-8249-40bd-9477-a02dc3631d46}</UniqueIdentifier>
    </Filter>
  </ItemGroup>
</Project>